{
  "version": 4,
  "terraform_version": "1.12.2",
  "serial": 1,
  "lineage": "57244799-4db4-1109-49a2-92a973a33108",
  "outputs": {},
  "resources": [
    {
      "mode": "managed",
      "type": "azurerm_resource_group",
      "name": "rg",
      "provider": "provider[\"registry.terraform.io/hashicorp/azurerm\"]",
      "instances": [
        {
          "schema_version": 0,
          "attributes": {
            "id": "/subscriptions/44e49970-899b-4abc-aaf8-322b3e531fbe/resourceGroups/rg-terraform-test-peke",
            "location": "eastus",
            "managed_by": "",
            "name": "rg-terraform-test-peke",
            "tags": {
              "ApplicationCIID": "ASM09365223",
              "ApplicationName": "Factory Talk Design Studio",
              "CostCenter": "10272",
              "DataClassification": "Confidential",
              "Environment": "Development",
              "OwnerEmail": "ffernandes@ra.rockwell.com",
              "ServiceClass": "Bronze"
            },
            "timeouts": null
          },
          "sensitive_attributes": [],
          "identity_schema_version": 0,
          "private": "eyJlMmJmYjczMC1lY2FhLTExZTYtOGY4OC0zNDM2M2JjN2M0YzAiOnsiY3JlYXRlIjo1NDAwMDAwMDAwMDAwLCJkZWxldGUiOjU0MDAwMDAwMDAwMDAsInJlYWQiOjMwMDAwMDAwMDAwMCwidXBkYXRlIjo1NDAwMDAwMDAwMDAwfX0="
        }
      ]
    }
  ],
  "check_results": null
}
